{
    "_readme": [
        "This file locks the dependencies of your project to a known state",
        "Read more about it at https://getcomposer.org/doc/01-basic-usage.md#installing-dependencies",
        "This file is @generated automatically"
    ],
    "content-hash": "33460a771f10e2927b6c16d7540836f5",
    "packages": [
        {
            "name": "binsoul/net-mqtt",
            "version": "0.2.1",
            "source": {
                "type": "git",
                "url": "https://github.com/binsoul/net-mqtt.git",
                "reference": "286b28e6014739b19e0e7ce0cd5871cdd0cef9b3"
            },
            "dist": {
                "type": "zip",
                "url": "https://api.github.com/repos/binsoul/net-mqtt/zipball/286b28e6014739b19e0e7ce0cd5871cdd0cef9b3",
                "reference": "286b28e6014739b19e0e7ce0cd5871cdd0cef9b3",
                "shasum": ""
            },
            "require": {
                "php": "~5.6|~7.0"
            },
            "require-dev": {
                "friendsofphp/php-cs-fixer": "~1.0",
                "phpunit/phpunit": "~4.0||~5.0"
            },
            "type": "library",
            "extra": {
                "branch-alias": {
                    "dev-master": "1.0-dev"
                }
            },
            "autoload": {
                "psr-4": {
                    "BinSoul\\Net\\Mqtt\\": "src"
                }
            },
            "notification-url": "https://packagist.org/downloads/",
            "license": [
                "MIT"
            ],
            "authors": [
                {
                    "name": "Sebastian Mößler",
                    "email": "code@binsoul.de",
                    "homepage": "https://github.com/binsoul",
                    "role": "Developer"
                }
            ],
            "description": "MQTT protocol implementation",
            "homepage": "https://github.com/binsoul/net-mqtt",
            "keywords": [
                "mqtt",
                "net"
            ],
            "time": "2017-04-03T20:17:02+00:00"
        },
        {
            "name": "binsoul/net-mqtt-client-react",
            "version": "0.3.2",
            "source": {
                "type": "git",
                "url": "https://github.com/binsoul/net-mqtt-client-react.git",
                "reference": "6a80fea50e927ebb8bb8a631ea7903c22742ded5"
            },
            "dist": {
                "type": "zip",
                "url": "https://api.github.com/repos/binsoul/net-mqtt-client-react/zipball/6a80fea50e927ebb8bb8a631ea7903c22742ded5",
                "reference": "6a80fea50e927ebb8bb8a631ea7903c22742ded5",
                "shasum": ""
            },
            "require": {
                "binsoul/net-mqtt": "~0.2",
                "php": "~5.6|~7.0",
                "react/promise": "~2.0",
                "react/socket": "~0.8"
            },
            "require-dev": {
                "friendsofphp/php-cs-fixer": "~1.0",
                "phpunit/phpunit": "~4.0||~5.0"
            },
            "type": "library",
            "extra": {
                "branch-alias": {
                    "dev-master": "1.0-dev"
                }
            },
            "autoload": {
                "psr-4": {
                    "BinSoul\\Net\\Mqtt\\Client\\React\\": "src"
                }
            },
            "notification-url": "https://packagist.org/downloads/",
            "license": [
                "MIT"
            ],
            "authors": [
                {
                    "name": "Sebastian Mößler",
                    "email": "code@binsoul.de",
                    "homepage": "https://github.com/binsoul",
                    "role": "Developer"
                }
            ],
            "description": "Asynchronous MQTT client built on React",
            "homepage": "https://github.com/binsoul/net-mqtt-client-react",
            "keywords": [
                "client",
                "mqtt",
                "net"
            ],
            "time": "2017-08-20T08:06:53+00:00"
        },
        {
            "name": "clue/http-proxy-react",
            "version": "v1.3.0",
            "source": {
                "type": "git",
                "url": "https://github.com/clue/php-http-proxy-react.git",
                "reference": "eeff725640ed53386a6adb05ffdbfc2837404fdf"
            },
            "dist": {
                "type": "zip",
                "url": "https://api.github.com/repos/clue/php-http-proxy-react/zipball/eeff725640ed53386a6adb05ffdbfc2837404fdf",
                "reference": "eeff725640ed53386a6adb05ffdbfc2837404fdf",
                "shasum": ""
            },
            "require": {
                "php": ">=5.3",
                "react/promise": " ^2.1 || ^1.2.1",
                "react/socket": "^1.0 || ^0.8.4",
                "ringcentral/psr7": "^1.2"
            },
            "require-dev": {
                "clue/block-react": "^1.1",
                "phpunit/phpunit": "^5.0 || ^4.8",
                "react/event-loop": "^1.0 || ^0.5 || ^0.4 || ^0.3"
            },
            "type": "library",
            "autoload": {
                "psr-4": {
                    "Clue\\React\\HttpProxy\\": "src/"
                }
            },
            "notification-url": "https://packagist.org/downloads/",
            "license": [
                "MIT"
            ],
            "authors": [
                {
                    "name": "Christian Lück",
                    "email": "christian@lueck.tv"
                }
            ],
            "description": "Async HTTP proxy connector, use any TCP/IP-based protocol through an HTTP CONNECT proxy server, built on top of ReactPHP",
            "homepage": "https://github.com/clue/php-http-proxy-react",
            "keywords": [
                "async",
                "connect",
                "http",
                "proxy",
                "reactphp"
            ],
            "time": "2018-02-13T16:31:32+00:00"
        },
        {
            "name": "clue/socks-react",
            "version": "v0.8.7",
            "source": {
                "type": "git",
                "url": "https://github.com/clue/php-socks-react.git",
                "reference": "0fcd6f2f506918ff003f1b995c6e78443f26e8ea"
            },
            "dist": {
                "type": "zip",
                "url": "https://api.github.com/repos/clue/php-socks-react/zipball/0fcd6f2f506918ff003f1b995c6e78443f26e8ea",
                "reference": "0fcd6f2f506918ff003f1b995c6e78443f26e8ea",
                "shasum": ""
            },
            "require": {
                "evenement/evenement": "~3.0|~1.0|~2.0",
                "php": ">=5.3",
                "react/promise": "^2.1 || ^1.2",
                "react/socket": "^1.0 || ^0.8.6"
            },
            "require-dev": {
                "clue/block-react": "^1.1",
                "clue/connection-manager-extra": "^1.0 || ^0.7",
                "phpunit/phpunit": "^6.0 || ^5.7 || ^4.8.35",
                "react/event-loop": "^1.0 || ^0.5 || ^0.4 || ^0.3"
            },
            "type": "library",
            "autoload": {
                "psr-4": {
                    "Clue\\React\\Socks\\": "src/"
                }
            },
            "notification-url": "https://packagist.org/downloads/",
            "license": [
                "MIT"
            ],
            "authors": [
                {
                    "name": "Christian Lück",
                    "email": "christian@lueck.tv"
                }
            ],
            "description": "Async SOCKS4, SOCKS4a and SOCKS5 proxy client and server implementation, built on top of ReactPHP",
            "homepage": "https://github.com/clue/php-socks-react",
            "keywords": [
                "async",
                "proxy",
                "reactphp",
                "socks client",
                "socks protocol",
                "socks server",
                "tcp tunnel"
            ],
            "time": "2017-12-17T14:47:58+00:00"
        },
        {
            "name": "corneltek/getoptionkit",
            "version": "2.6.0",
            "source": {
                "type": "git",
                "url": "https://github.com/c9s/GetOptionKit.git",
                "reference": "995607ddf4fc90ebdb4a7d58fe972d581ad8495f"
            },
            "dist": {
                "type": "zip",
                "url": "https://api.github.com/repos/c9s/GetOptionKit/zipball/995607ddf4fc90ebdb4a7d58fe972d581ad8495f",
                "reference": "995607ddf4fc90ebdb4a7d58fe972d581ad8495f",
                "shasum": ""
            },
            "require": {
                "php": ">=5.3.0"
            },
            "type": "library",
            "extra": {
                "branch-alias": {
                    "dev-master": "2.6.x-dev"
                }
            },
            "autoload": {
                "psr-4": {
                    "GetOptionKit\\": "src/"
                }
            },
            "notification-url": "https://packagist.org/downloads/",
            "license": [
                "MIT"
            ],
            "authors": [
                {
                    "name": "Yo-An Lin",
                    "email": "yoanlin93@gmail.com"
                }
            ],
            "description": "Powerful command-line option toolkit",
            "homepage": "http://github.com/c9s/GetOptionKit",
            "time": "2017-06-30T14:54:48+00:00"
        },
        {
            "name": "evenement/evenement",
            "version": "v3.0.1",
            "source": {
                "type": "git",
                "url": "https://github.com/igorw/evenement.git",
                "reference": "531bfb9d15f8aa57454f5f0285b18bec903b8fb7"
            },
            "dist": {
                "type": "zip",
                "url": "https://api.github.com/repos/igorw/evenement/zipball/531bfb9d15f8aa57454f5f0285b18bec903b8fb7",
                "reference": "531bfb9d15f8aa57454f5f0285b18bec903b8fb7",
                "shasum": ""
            },
            "require": {
                "php": ">=7.0"
            },
            "require-dev": {
                "phpunit/phpunit": "^6.0"
            },
            "type": "library",
            "autoload": {
                "psr-0": {
                    "Evenement": "src"
                }
            },
            "notification-url": "https://packagist.org/downloads/",
            "license": [
                "MIT"
            ],
            "authors": [
                {
                    "name": "Igor Wiedler",
                    "email": "igor@wiedler.ch"
                }
            ],
            "description": "Événement is a very simple event dispatching library for PHP",
            "keywords": [
                "event-dispatcher",
                "event-emitter"
            ],
            "time": "2017-07-23T21:35:13+00:00"
        },
        {
            "name": "guzzlehttp/guzzle",
            "version": "6.3.3",
            "source": {
                "type": "git",
                "url": "https://github.com/guzzle/guzzle.git",
                "reference": "407b0cb880ace85c9b63c5f9551db498cb2d50ba"
            },
            "dist": {
                "type": "zip",
                "url": "https://api.github.com/repos/guzzle/guzzle/zipball/407b0cb880ace85c9b63c5f9551db498cb2d50ba",
                "reference": "407b0cb880ace85c9b63c5f9551db498cb2d50ba",
                "shasum": ""
            },
            "require": {
                "guzzlehttp/promises": "^1.0",
                "guzzlehttp/psr7": "^1.4",
                "php": ">=5.5"
            },
            "require-dev": {
                "ext-curl": "*",
                "phpunit/phpunit": "^4.8.35 || ^5.7 || ^6.4 || ^7.0",
                "psr/log": "^1.0"
            },
            "suggest": {
                "psr/log": "Required for using the Log middleware"
            },
            "type": "library",
            "extra": {
                "branch-alias": {
                    "dev-master": "6.3-dev"
                }
            },
            "autoload": {
                "files": [
                    "src/functions_include.php"
                ],
                "psr-4": {
                    "GuzzleHttp\\": "src/"
                }
            },
            "notification-url": "https://packagist.org/downloads/",
            "license": [
                "MIT"
            ],
            "authors": [
                {
                    "name": "Michael Dowling",
                    "email": "mtdowling@gmail.com",
                    "homepage": "https://github.com/mtdowling"
                }
            ],
            "description": "Guzzle is a PHP HTTP client library",
            "homepage": "http://guzzlephp.org/",
            "keywords": [
                "client",
                "curl",
                "framework",
                "http",
                "http client",
                "rest",
                "web service"
            ],
            "time": "2018-04-22T15:46:56+00:00"
        },
        {
            "name": "guzzlehttp/promises",
            "version": "v1.3.1",
            "source": {
                "type": "git",
                "url": "https://github.com/guzzle/promises.git",
                "reference": "a59da6cf61d80060647ff4d3eb2c03a2bc694646"
            },
            "dist": {
                "type": "zip",
                "url": "https://api.github.com/repos/guzzle/promises/zipball/a59da6cf61d80060647ff4d3eb2c03a2bc694646",
                "reference": "a59da6cf61d80060647ff4d3eb2c03a2bc694646",
                "shasum": ""
            },
            "require": {
                "php": ">=5.5.0"
            },
            "require-dev": {
                "phpunit/phpunit": "^4.0"
            },
            "type": "library",
            "extra": {
                "branch-alias": {
                    "dev-master": "1.4-dev"
                }
            },
            "autoload": {
                "psr-4": {
                    "GuzzleHttp\\Promise\\": "src/"
                },
                "files": [
                    "src/functions_include.php"
                ]
            },
            "notification-url": "https://packagist.org/downloads/",
            "license": [
                "MIT"
            ],
            "authors": [
                {
                    "name": "Michael Dowling",
                    "email": "mtdowling@gmail.com",
                    "homepage": "https://github.com/mtdowling"
                }
            ],
            "description": "Guzzle promises library",
            "keywords": [
                "promise"
            ],
            "time": "2016-12-20T10:07:11+00:00"
        },
        {
            "name": "guzzlehttp/psr7",
            "version": "1.4.2",
            "source": {
                "type": "git",
                "url": "https://github.com/guzzle/psr7.git",
                "reference": "f5b8a8512e2b58b0071a7280e39f14f72e05d87c"
            },
            "dist": {
                "type": "zip",
                "url": "https://api.github.com/repos/guzzle/psr7/zipball/f5b8a8512e2b58b0071a7280e39f14f72e05d87c",
                "reference": "f5b8a8512e2b58b0071a7280e39f14f72e05d87c",
                "shasum": ""
            },
            "require": {
                "php": ">=5.4.0",
                "psr/http-message": "~1.0"
            },
            "provide": {
                "psr/http-message-implementation": "1.0"
            },
            "require-dev": {
                "phpunit/phpunit": "~4.0"
            },
            "type": "library",
            "extra": {
                "branch-alias": {
                    "dev-master": "1.4-dev"
                }
            },
            "autoload": {
                "psr-4": {
                    "GuzzleHttp\\Psr7\\": "src/"
                },
                "files": [
                    "src/functions_include.php"
                ]
            },
            "notification-url": "https://packagist.org/downloads/",
            "license": [
                "MIT"
            ],
            "authors": [
                {
                    "name": "Michael Dowling",
                    "email": "mtdowling@gmail.com",
                    "homepage": "https://github.com/mtdowling"
                },
                {
                    "name": "Tobias Schultze",
                    "homepage": "https://github.com/Tobion"
                }
            ],
            "description": "PSR-7 message implementation that also provides common utility methods",
            "keywords": [
                "http",
                "message",
                "request",
                "response",
                "stream",
                "uri",
                "url"
            ],
            "time": "2017-03-20T17:10:46+00:00"
        },
        {
            "name": "lazyjsonmapper/lazyjsonmapper",
            "version": "v1.6.3",
            "source": {
                "type": "git",
                "url": "https://github.com/lazyjsonmapper/lazyjsonmapper.git",
                "reference": "51e093b50f4de15d2d64548b3ca743713eed6ee9"
            },
            "dist": {
                "type": "zip",
                "url": "https://api.github.com/repos/lazyjsonmapper/lazyjsonmapper/zipball/51e093b50f4de15d2d64548b3ca743713eed6ee9",
                "reference": "51e093b50f4de15d2d64548b3ca743713eed6ee9",
                "shasum": ""
            },
            "require": {
                "corneltek/getoptionkit": "2.*",
                "php": ">=5.6"
            },
            "require-dev": {
                "friendsofphp/php-cs-fixer": "^2.7.1",
                "phpunit/phpunit": "6.*"
            },
            "bin": [
                "bin/lazydoctor"
            ],
            "type": "library",
            "autoload": {
                "psr-4": {
                    "LazyJsonMapper\\": "src/"
                }
            },
            "notification-url": "https://packagist.org/downloads/",
            "license": [
                "Apache-2.0"
            ],
            "authors": [
                {
                    "name": "SteveJobzniak",
                    "homepage": "https://github.com/SteveJobzniak",
                    "role": "Developer"
                }
            ],
            "description": "Advanced, intelligent & automatic object-oriented JSON containers for PHP.",
            "homepage": "https://github.com/SteveJobzniak/LazyJsonMapper",
            "keywords": [
                "development",
                "json"
            ],
            "time": "2018-05-02T16:57:09+00:00"
        },
        {
            "name": "mgp25/instagram-php",
            "version": "v4.1.0",
            "source": {
                "type": "git",
                "url": "https://github.com/mgp25/Instagram-API.git",
                "reference": "5fbb2ae7504d96a55c94819656e1ff6d4e984fb9"
            },
            "dist": {
                "type": "zip",
                "url": "https://api.github.com/repos/mgp25/Instagram-API/zipball/5fbb2ae7504d96a55c94819656e1ff6d4e984fb9",
                "reference": "5fbb2ae7504d96a55c94819656e1ff6d4e984fb9",
                "shasum": ""
            },
            "require": {
                "binsoul/net-mqtt-client-react": "^0.3.2",
                "clue/http-proxy-react": "^1.1.0",
                "clue/socks-react": "^0.8.2",
                "ext-curl": "*",
                "ext-exif": "*",
                "ext-gd": "*",
                "ext-mbstring": "*",
                "ext-zlib": "*",
                "guzzlehttp/guzzle": "^6.2",
                "lazyjsonmapper/lazyjsonmapper": "^1.6.1",
                "php": ">=5.6",
                "psr/log": "^1.0",
                "react/event-loop": "^0.4.3",
                "react/promise": "^2.5",
                "react/socket": "^0.8",
                "symfony/process": "^3.4|^4.0",
                "valga/fbns-react": "^0.1.8",
                "winbox/args": "1.0.0"
            },
            "require-dev": {
                "friendsofphp/php-cs-fixer": "^2.8.0",
                "monolog/monolog": "^1.23",
                "phpunit/phpunit": "^5.7 || ^6.2",
                "react/http": "^0.7.2"
            },
            "suggest": {
                "ext-event": "Installing PHP's native Event extension enables faster Realtime class event handling."
            },
            "type": "library",
            "autoload": {
                "psr-4": {
                    "InstagramAPI\\": "src/"
                }
            },
            "notification-url": "https://packagist.org/downloads/",
            "license": [
                "RPL-1.5",
                "proprietary"
            ],
            "authors": [
                {
                    "name": "mgp25",
                    "email": "me@mgp25.com",
                    "role": "Founder"
                },
                {
                    "name": "SteveJobzniak",
                    "homepage": "https://github.com/SteveJobzniak",
                    "role": "Developer"
                }
            ],
            "description": "Instagram's private API for PHP",
            "keywords": [
                "api",
                "instagram",
                "php",
                "private"
            ],
            "time": "2018-04-20T11:59:43+00:00"
        },
        {
            "name": "psr/http-message",
            "version": "1.0.1",
            "source": {
                "type": "git",
                "url": "https://github.com/php-fig/http-message.git",
                "reference": "f6561bf28d520154e4b0ec72be95418abe6d9363"
            },
            "dist": {
                "type": "zip",
                "url": "https://api.github.com/repos/php-fig/http-message/zipball/f6561bf28d520154e4b0ec72be95418abe6d9363",
                "reference": "f6561bf28d520154e4b0ec72be95418abe6d9363",
                "shasum": ""
            },
            "require": {
                "php": ">=5.3.0"
            },
            "type": "library",
            "extra": {
                "branch-alias": {
                    "dev-master": "1.0.x-dev"
                }
            },
            "autoload": {
                "psr-4": {
                    "Psr\\Http\\Message\\": "src/"
                }
            },
            "notification-url": "https://packagist.org/downloads/",
            "license": [
                "MIT"
            ],
            "authors": [
                {
                    "name": "PHP-FIG",
                    "homepage": "http://www.php-fig.org/"
                }
            ],
            "description": "Common interface for HTTP messages",
            "homepage": "https://github.com/php-fig/http-message",
            "keywords": [
                "http",
                "http-message",
                "psr",
                "psr-7",
                "request",
                "response"
            ],
            "time": "2016-08-06T14:39:51+00:00"
        },
        {
            "name": "psr/log",
            "version": "1.0.2",
            "source": {
                "type": "git",
                "url": "https://github.com/php-fig/log.git",
                "reference": "4ebe3a8bf773a19edfe0a84b6585ba3d401b724d"
            },
            "dist": {
                "type": "zip",
                "url": "https://api.github.com/repos/php-fig/log/zipball/4ebe3a8bf773a19edfe0a84b6585ba3d401b724d",
                "reference": "4ebe3a8bf773a19edfe0a84b6585ba3d401b724d",
                "shasum": ""
            },
            "require": {
                "php": ">=5.3.0"
            },
            "type": "library",
            "extra": {
                "branch-alias": {
                    "dev-master": "1.0.x-dev"
                }
            },
            "autoload": {
                "psr-4": {
                    "Psr\\Log\\": "Psr/Log/"
                }
            },
            "notification-url": "https://packagist.org/downloads/",
            "license": [
                "MIT"
            ],
            "authors": [
                {
                    "name": "PHP-FIG",
                    "homepage": "http://www.php-fig.org/"
                }
            ],
            "description": "Common interface for logging libraries",
            "homepage": "https://github.com/php-fig/log",
            "keywords": [
                "log",
                "psr",
                "psr-3"
            ],
            "time": "2016-10-10T12:19:37+00:00"
        },
        {
            "name": "react/cache",
            "version": "v0.5.0",
            "source": {
                "type": "git",
                "url": "https://github.com/reactphp/cache.git",
                "reference": "7d7da7fb7574d471904ba357b39bbf110ccdbf66"
            },
            "dist": {
                "type": "zip",
                "url": "https://api.github.com/repos/reactphp/cache/zipball/7d7da7fb7574d471904ba357b39bbf110ccdbf66",
                "reference": "7d7da7fb7574d471904ba357b39bbf110ccdbf66",
                "shasum": ""
            },
            "require": {
                "php": ">=5.3.0",
                "react/promise": "~2.0|~1.1"
            },
            "require-dev": {
                "phpunit/phpunit": "^6.4 || ^5.7 || ^4.8.35"
            },
            "type": "library",
            "autoload": {
                "psr-4": {
                    "React\\Cache\\": "src/"
                }
            },
            "notification-url": "https://packagist.org/downloads/",
            "license": [
                "MIT"
            ],
            "description": "Async, Promise-based cache interface for ReactPHP",
            "keywords": [
                "cache",
                "caching",
                "promise",
                "reactphp"
            ],
            "time": "2018-06-25T12:52:40+00:00"
        },
        {
            "name": "react/dns",
            "version": "v0.4.15",
            "source": {
                "type": "git",
                "url": "https://github.com/reactphp/dns.git",
                "reference": "319e110a436d26a2fa137cfa3ef2063951715794"
            },
            "dist": {
                "type": "zip",
                "url": "https://api.github.com/repos/reactphp/dns/zipball/319e110a436d26a2fa137cfa3ef2063951715794",
                "reference": "319e110a436d26a2fa137cfa3ef2063951715794",
                "shasum": ""
            },
            "require": {
                "php": ">=5.3.0",
                "react/cache": "^0.5 || ^0.4 || ^0.3",
                "react/event-loop": "^1.0 || ^0.5 || ^0.4 || ^0.3.5",
                "react/promise": "^2.1 || ^1.2.1",
                "react/promise-timer": "^1.2",
                "react/stream": "^1.0 || ^0.7 || ^0.6 || ^0.5 || ^0.4.5"
            },
            "require-dev": {
                "clue/block-react": "^1.2",
                "phpunit/phpunit": "^6.4 || ^5.7 || ^4.8.35"
            },
            "type": "library",
            "autoload": {
                "psr-4": {
                    "React\\Dns\\": "src"
                }
            },
            "notification-url": "https://packagist.org/downloads/",
            "license": [
                "MIT"
            ],
            "description": "Async DNS resolver for ReactPHP",
            "keywords": [
                "async",
                "dns",
                "dns-resolver",
                "reactphp"
            ],
            "time": "2018-07-02T12:17:56+00:00"
        },
        {
            "name": "react/event-loop",
            "version": "v0.4.3",
            "source": {
                "type": "git",
                "url": "https://github.com/reactphp/event-loop.git",
                "reference": "8bde03488ee897dc6bb3d91e4e17c353f9c5252f"
            },
            "dist": {
                "type": "zip",
                "url": "https://api.github.com/repos/reactphp/event-loop/zipball/8bde03488ee897dc6bb3d91e4e17c353f9c5252f",
                "reference": "8bde03488ee897dc6bb3d91e4e17c353f9c5252f",
                "shasum": ""
            },
            "require": {
                "php": ">=5.4.0"
            },
            "require-dev": {
                "phpunit/phpunit": "~4.8"
            },
            "suggest": {
                "ext-event": "~1.0",
                "ext-libev": "*",
                "ext-libevent": ">=0.1.0"
            },
            "type": "library",
            "autoload": {
                "psr-4": {
                    "React\\EventLoop\\": "src"
                }
            },
            "notification-url": "https://packagist.org/downloads/",
            "license": [
                "MIT"
            ],
            "description": "Event loop abstraction layer that libraries can use for evented I/O.",
            "keywords": [
                "asynchronous",
                "event-loop"
            ],
            "time": "2017-04-27T10:56:23+00:00"
        },
        {
            "name": "react/promise",
            "version": "v2.7.0",
            "source": {
                "type": "git",
                "url": "https://github.com/reactphp/promise.git",
                "reference": "f4edc2581617431aea50430749db55cc3fc031b3"
            },
            "dist": {
                "type": "zip",
                "url": "https://api.github.com/repos/reactphp/promise/zipball/f4edc2581617431aea50430749db55cc3fc031b3",
                "reference": "f4edc2581617431aea50430749db55cc3fc031b3",
                "shasum": ""
            },
            "require": {
                "php": ">=5.4.0"
            },
            "require-dev": {
                "phpunit/phpunit": "~4.8"
            },
            "type": "library",
            "autoload": {
                "psr-4": {
                    "React\\Promise\\": "src/"
                },
                "files": [
                    "src/functions_include.php"
                ]
            },
            "notification-url": "https://packagist.org/downloads/",
            "license": [
                "MIT"
            ],
            "authors": [
                {
                    "name": "Jan Sorgalla",
                    "email": "jsorgalla@gmail.com"
                }
            ],
            "description": "A lightweight implementation of CommonJS Promises/A for PHP",
            "keywords": [
                "promise",
                "promises"
            ],
            "time": "2018-06-13T15:59:06+00:00"
        },
        {
            "name": "react/promise-timer",
            "version": "v1.5.0",
            "source": {
                "type": "git",
                "url": "https://github.com/reactphp/promise-timer.git",
                "reference": "a11206938ca2394dc7bb368f5da25cd4533fa603"
            },
            "dist": {
                "type": "zip",
                "url": "https://api.github.com/repos/reactphp/promise-timer/zipball/a11206938ca2394dc7bb368f5da25cd4533fa603",
                "reference": "a11206938ca2394dc7bb368f5da25cd4533fa603",
                "shasum": ""
            },
            "require": {
                "php": ">=5.3",
                "react/event-loop": "^1.0 || ^0.5 || ^0.4 || ^0.3.5",
                "react/promise": "^2.7.0 || ^1.2.1"
            },
            "require-dev": {
                "phpunit/phpunit": "^6.4 || ^5.7 || ^4.8.35"
            },
            "type": "library",
            "autoload": {
                "psr-4": {
                    "React\\Promise\\Timer\\": "src/"
                },
                "files": [
                    "src/functions.php"
                ]
            },
            "notification-url": "https://packagist.org/downloads/",
            "license": [
                "MIT"
            ],
            "authors": [
                {
                    "name": "Christian Lück",
                    "email": "christian@lueck.tv"
                }
            ],
            "description": "A trivial implementation of timeouts for Promises, built on top of ReactPHP.",
            "homepage": "https://github.com/reactphp/promise-timer",
            "keywords": [
                "async",
                "event-loop",
                "promise",
                "reactphp",
                "timeout",
                "timer"
            ],
            "time": "2018-06-13T16:45:37+00:00"
        },
        {
            "name": "react/socket",
            "version": "v0.8.12",
            "source": {
                "type": "git",
                "url": "https://github.com/reactphp/socket.git",
                "reference": "7f7e6c56ccda7418a1a264892a625f38a5bdee0c"
            },
            "dist": {
                "type": "zip",
                "url": "https://api.github.com/repos/reactphp/socket/zipball/7f7e6c56ccda7418a1a264892a625f38a5bdee0c",
                "reference": "7f7e6c56ccda7418a1a264892a625f38a5bdee0c",
                "shasum": ""
            },
            "require": {
                "evenement/evenement": "^3.0 || ^2.0 || ^1.0",
                "php": ">=5.3.0",
                "react/dns": "^0.4.13",
                "react/event-loop": "^1.0 || ^0.5 || ^0.4 || ^0.3.5",
                "react/promise": "^2.6.0 || ^1.2.1",
                "react/promise-timer": "^1.4.0",
                "react/stream": "^1.0 || ^0.7.1"
            },
            "require-dev": {
                "clue/block-react": "^1.2",
                "phpunit/phpunit": "^6.4 || ^5.7 || ^4.8.35"
            },
            "type": "library",
            "autoload": {
                "psr-4": {
                    "React\\Socket\\": "src"
                }
            },
            "notification-url": "https://packagist.org/downloads/",
            "license": [
                "MIT"
            ],
            "description": "Async, streaming plaintext TCP/IP and secure TLS socket server and client connections for ReactPHP",
            "keywords": [
                "Connection",
                "Socket",
                "async",
                "reactphp",
                "stream"
            ],
            "time": "2018-06-11T14:33:43+00:00"
        },
        {
            "name": "react/stream",
            "version": "v1.0.0",
            "source": {
                "type": "git",
                "url": "https://github.com/reactphp/stream.git",
                "reference": "fdd0140f42805d65bf9687636503db0b326d2244"
            },
            "dist": {
                "type": "zip",
                "url": "https://api.github.com/repos/reactphp/stream/zipball/fdd0140f42805d65bf9687636503db0b326d2244",
                "reference": "fdd0140f42805d65bf9687636503db0b326d2244",
                "shasum": ""
            },
            "require": {
                "evenement/evenement": "^3.0 || ^2.0 || ^1.0",
                "php": ">=5.3.8",
                "react/event-loop": "^1.0 || ^0.5 || ^0.4 || ^0.3.5"
            },
            "require-dev": {
                "clue/stream-filter": "~1.2",
                "phpunit/phpunit": "^6.4 || ^5.7 || ^4.8.35"
            },
            "type": "library",
            "autoload": {
                "psr-4": {
                    "React\\Stream\\": "src"
                }
            },
            "notification-url": "https://packagist.org/downloads/",
            "license": [
                "MIT"
            ],
            "description": "Event-driven readable and writable streams for non-blocking I/O in ReactPHP",
            "keywords": [
                "event-driven",
                "io",
                "non-blocking",
                "pipe",
                "reactphp",
                "readable",
                "stream",
                "writable"
            ],
            "time": "2018-07-11T14:38:16+00:00"
        },
        {
            "name": "ringcentral/psr7",
            "version": "1.2.2",
            "source": {
                "type": "git",
                "url": "https://github.com/ringcentral/psr7.git",
                "reference": "dcd84bbb49b96c616d1dcc8bfb9bef3f2cd53d1c"
            },
            "dist": {
                "type": "zip",
                "url": "https://api.github.com/repos/ringcentral/psr7/zipball/dcd84bbb49b96c616d1dcc8bfb9bef3f2cd53d1c",
                "reference": "dcd84bbb49b96c616d1dcc8bfb9bef3f2cd53d1c",
                "shasum": ""
            },
            "require": {
                "php": ">=5.3",
                "psr/http-message": "~1.0"
            },
            "provide": {
                "psr/http-message-implementation": "1.0"
            },
            "require-dev": {
                "phpunit/phpunit": "~4.0"
            },
            "type": "library",
            "extra": {
                "branch-alias": {
                    "dev-master": "1.0-dev"
                }
            },
            "autoload": {
                "psr-4": {
                    "RingCentral\\Psr7\\": "src/"
                },
                "files": [
                    "src/functions_include.php"
                ]
            },
            "notification-url": "https://packagist.org/downloads/",
            "license": [
                "MIT"
            ],
            "authors": [
                {
                    "name": "Michael Dowling",
                    "email": "mtdowling@gmail.com",
                    "homepage": "https://github.com/mtdowling"
                }
            ],
            "description": "PSR-7 message implementation",
            "keywords": [
                "http",
                "message",
                "stream",
                "uri"
            ],
            "time": "2018-01-15T21:00:49+00:00"
        },
        {
            "name": "symfony/process",
            "version": "v4.1.1",
            "source": {
                "type": "git",
                "url": "https://github.com/symfony/process.git",
                "reference": "1d1677391ecf00d1c5b9482d6050c0c27aa3ac3a"
            },
            "dist": {
                "type": "zip",
                "url": "https://api.github.com/repos/symfony/process/zipball/1d1677391ecf00d1c5b9482d6050c0c27aa3ac3a",
                "reference": "1d1677391ecf00d1c5b9482d6050c0c27aa3ac3a",
                "shasum": ""
            },
            "require": {
                "php": "^7.1.3"
            },
            "type": "library",
            "extra": {
                "branch-alias": {
                    "dev-master": "4.1-dev"
                }
            },
            "autoload": {
                "psr-4": {
                    "Symfony\\Component\\Process\\": ""
                },
                "exclude-from-classmap": [
                    "/Tests/"
                ]
            },
            "notification-url": "https://packagist.org/downloads/",
            "license": [
                "MIT"
            ],
            "authors": [
                {
                    "name": "Fabien Potencier",
                    "email": "fabien@symfony.com"
                },
                {
                    "name": "Symfony Community",
                    "homepage": "https://symfony.com/contributors"
                }
            ],
            "description": "Symfony Process Component",
            "homepage": "https://symfony.com",
            "time": "2018-05-31T10:17:53+00:00"
        },
        {
            "name": "valga/fbns-react",
            "version": "0.1.8",
            "source": {
                "type": "git",
                "url": "https://github.com/valga/fbns-react.git",
                "reference": "4bbf513a8ffed7e0c9ca10776033d34515bb8b37"
            },
            "dist": {
                "type": "zip",
                "url": "https://api.github.com/repos/valga/fbns-react/zipball/4bbf513a8ffed7e0c9ca10776033d34515bb8b37",
                "reference": "4bbf513a8ffed7e0c9ca10776033d34515bb8b37",
                "shasum": ""
            },
            "require": {
                "binsoul/net-mqtt": "~0.2",
                "evenement/evenement": "~2.0|~3.0",
                "ext-mbstring": "*",
                "ext-zlib": "*",
                "php": "~5.6|~7.0",
                "psr/log": "~1.0",
                "react/event-loop": "^0.4.3",
                "react/promise": "~2.0",
                "react/socket": "~0.8"
            },
            "require-dev": {
                "friendsofphp/php-cs-fixer": "~2.4",
                "monolog/monolog": "~1.23"
            },
            "suggest": {
                "ext-event": "For more efficient event loop implementation.",
                "ext-gmp": "To be able to run this code on x86 PHP builds."
            },
            "type": "library",
            "autoload": {
                "psr-4": {
                    "Fbns\\Client\\": "src/"
                }
            },
            "notification-url": "https://packagist.org/downloads/",
            "license": [
                "MIT"
            ],
            "authors": [
                {
                    "name": "Abyr Valg",
                    "email": "valga.github@abyrga.ru"
                }
            ],
            "description": "A PHP client for the FBNS built on top of ReactPHP",
            "keywords": [
                "FBNS",
                "client",
                "php"
            ],
            "time": "2017-10-09T07:54:13+00:00"
        },
        {
            "name": "winbox/args",
            "version": "v1.0.0",
            "source": {
                "type": "git",
                "url": "https://github.com/johnstevenson/winbox-args.git",
                "reference": "389a9ed9410e6f422b1031b3e55a402ace716296"
            },
            "dist": {
                "type": "zip",
                "url": "https://api.github.com/repos/johnstevenson/winbox-args/zipball/389a9ed9410e6f422b1031b3e55a402ace716296",
                "reference": "389a9ed9410e6f422b1031b3e55a402ace716296",
                "shasum": ""
            },
            "require": {
                "php": ">=5.3.3"
            },
            "type": "library",
            "autoload": {
                "psr-4": {
                    "Winbox\\": "src/"
                }
            },
            "notification-url": "https://packagist.org/downloads/",
            "license": [
                "MIT"
            ],
            "authors": [
                {
                    "name": "John Stevenson",
                    "email": "john-stevenson@blueyonder.co.uk"
                }
            ],
            "description": "Windows command-line formatter",
            "homepage": "http://github.com/johnstevenson/winbox-args",
            "keywords": [
                "Escape",
                "command",
                "windows"
            ],
            "time": "2016-08-04T14:30:27+00:00"
        }
    ],
    "packages-dev": [
        {
            "name": "squizlabs/php_codesniffer",
            "version": "3.4.1",
            "source": {
                "type": "git",
                "url": "https://github.com/squizlabs/PHP_CodeSniffer.git",
                "reference": "5b4333b4010625d29580eb4a41f1e53251be6baa"
            },
            "dist": {
                "type": "zip",
                "url": "https://api.github.com/repos/squizlabs/PHP_CodeSniffer/zipball/5b4333b4010625d29580eb4a41f1e53251be6baa",
                "reference": "5b4333b4010625d29580eb4a41f1e53251be6baa",
                "shasum": ""
            },
            "require": {
                "ext-simplexml": "*",
                "ext-tokenizer": "*",
                "ext-xmlwriter": "*",
                "php": ">=5.4.0"
            },
            "require-dev": {
                "phpunit/phpunit": "^4.0 || ^5.0 || ^6.0 || ^7.0"
            },
            "bin": [
                "bin/phpcs",
                "bin/phpcbf"
            ],
            "type": "library",
            "extra": {
                "branch-alias": {
                    "dev-master": "3.x-dev"
                }
            },
            "notification-url": "https://packagist.org/downloads/",
            "license": [
                "BSD-3-Clause"
            ],
            "authors": [
                {
                    "name": "Greg Sherwood",
                    "role": "lead"
                }
            ],
            "description": "PHP_CodeSniffer tokenizes PHP, JavaScript and CSS files and detects violations of a defined set of coding standards.",
            "homepage": "https://github.com/squizlabs/PHP_CodeSniffer",
            "keywords": [
                "phpcs",
                "standards"
            ],
            "time": "2019-03-19T03:22:27+00:00"
        }
    ],
    "aliases": [],
    "minimum-stability": "stable",
    "stability-flags": [],
    "prefer-stable": false,
    "prefer-lowest": false,
    "platform": [],
    "platform-dev": []
}
